// !$*UTF8*$!
{
	archiveVersion = 1;
	classes = {
	};
	objectVersion = 46;
	objects = {

/* Begin PBXBuildFile section */
		5DB3214B1B74DBCE0032BCBE /* main.m in Sources */ = {isa = PBXBuildFile; fileRef = 5DB3214A1B74DBCE0032BCBE /* main.m */; };
		5DB3214E1B74DBCE0032BCBE /* AppDelegate.m in Sources */ = {isa = PBXBuildFile; fileRef = 5DB3214D1B74DBCE0032BCBE /* AppDelegate.m */; };
		5DB321511B74DBCE0032BCBE /* ViewController.m in Sources */ = {isa = PBXBuildFile; fileRef = 5DB321501B74DBCE0032BCBE /* ViewController.m */; };
		5DB321541B74DBCE0032BCBE /* Main.storyboard in Resources */ = {isa = PBXBuildFile; fileRef = 5DB321521B74DBCE0032BCBE /* Main.storyboard */; };
		5DB321561B74DBCE0032BCBE /* Images.xcassets in Resources */ = {isa = PBXBuildFile; fileRef = 5DB321551B74DBCE0032BCBE /* Images.xcassets */; };
		5DB321591B74DBCE0032BCBE /* LaunchScreen.xib in Resources */ = {isa = PBXBuildFile; fileRef = 5DB321571B74DBCE0032BCBE /* LaunchScreen.xib */; };
		5DB321651B74DBCE0032BCBE /* Here_You_AreTests.m in Sources */ = {isa = PBXBuildFile; fileRef = 5DB321641B74DBCE0032BCBE /* Here_You_AreTests.m */; };
/* End PBXBuildFile section */

/* Begin PBXContainerItemProxy section */
		5DB3215F1B74DBCE0032BCBE /* PBXContainerItemProxy */ = {
			isa = PBXContainerItemProxy;
			containerPortal = 5DB3213D1B74DBCE0032BCBE /* Project object */;
			proxyType = 1;
			remoteGlobalIDString = 5DB321441B74DBCE0032BCBE;
			remoteInfo = "Here You Are";
		};
/* End PBXContainerItemProxy section */

/* Begin PBXFileReference section */
		5DB321451B74DBCE0032BCBE /* Here You Are.app */ = {isa = PBXFileReference; explicitFileType = wrapper.application; includeInIndex = 0; path = "Here You Are.app"; sourceTree = BUILT_PRODUCTS_DIR; };
		5DB321491B74DBCE0032BCBE /* Info.plist */ = {isa = PBXFileReference; lastKnownFileType = text.plist.xml; path = Info.plist; sourceTree = "<group>"; };
		5DB3214A1B74DBCE0032BCBE /* main.m */ = {isa = PBXFileReference; lastKnownFileType = sourcecode.c.objc; path = main.m; sourceTree = "<group>"; };
		5DB3214C1B74DBCE0032BCBE /* AppDelegate.h */ = {isa = PBXFileReference; lastKnownFileType = sourcecode.c.h; path = AppDelegate.h; sourceTree = "<group>"; };
		5DB3214D1B74DBCE0032BCBE /* AppDelegate.m */ = {isa = PBXFileReference; lastKnownFileType = sourcecode.c.objc; path = AppDelegate.m; sourceTree = "<group>"; };
		5DB3214F1B74DBCE0032BCBE /* ViewController.h */ = {isa = PBXFileReference; lastKnownFileType = sourcecode.c.h; path = ViewController.h; sourceTree = "<group>"; };
		5DB321501B74DBCE0032BCBE /* ViewController.m */ = {isa = PBXFileReference; lastKnownFileType = sourcecode.c.objc; path = ViewController.m; sourceTree = "<group>"; };
		5DB321531B74DBCE0032BCBE /* Base */ = {isa = PBXFileReference; lastKnownFileType = file.storyboard; name = Base; path = Base.lproj/Main.storyboard; sourceTree = "<group>"; };
		5DB321551B74DBCE0032BCBE /* Images.xcassets */ = {isa = PBXFileReference; lastKnownFileType = folder.assetcatalog; path = Images.xcassets; sourceTree = "<group>"; };
		5DB321581B74DBCE0032BCBE /* Base */ = {isa = PBXFileReference; lastKnownFileType = file.xib; name = Base; path = Base.lproj/LaunchScreen.xib; sourceTree = "<group>"; };
		5DB3215E1B74DBCE0032BCBE /* Here You AreTests.xctest */ = {isa = PBXFileReference; explicitFileType = wrapper.cfbundle; includeInIndex = 0; path = "Here You AreTests.xctest"; sourceTree = BUILT_PRODUCTS_DIR; };
		5DB321631B74DBCE0032BCBE /* Info.plist */ = {isa = PBXFileReference; lastKnownFileType = text.plist.xml; path = Info.plist; sourceTree = "<group>"; };
		5DB321641B74DBCE0032BCBE /* Here_You_AreTests.m */ = {isa = PBXFileReference; lastKnownFileType = sourcecode.c.objc; path = Here_You_AreTests.m; sourceTree = "<group>"; };
/* End PBXFileReference section */

/* Begin PBXFrameworksBuildPhase section */
		5DB321421B74DBCE0032BCBE /* Frameworks */ = {
			isa = PBXFrameworksBuildPhase;
			buildActionMask = 2147483647;
			files = (
			);
			runOnlyForDeploymentPostprocessing = 0;
		};
		5DB3215B1B74DBCE0032BCBE /* Frameworks */ = {
			isa = PBXFrameworksBuildPhase;
			buildActionMask = 2147483647;
			files = (
			);
			runOnlyForDeploymentPostprocessing = 0;
		};
/* End PBXFrameworksBuildPhase section */

/* Begin PBXGroup section */
		5DB3213C1B74DBCE0032BCBE = {
			isa = PBXGroup;
			children = (
				5DB321471B74DBCE0032BCBE /* Here You Are */,
				5DB321611B74DBCE0032BCBE /* Here You AreTests */,
				5DB321461B74DBCE0032BCBE /* Products */,
			);
			sourceTree = "<group>";
		};
		5DB321461B74DBCE0032BCBE /* Products */ = {
			isa = PBXGroup;
			children = (
				5DB321451B74DBCE0032BCBE /* Here You Are.app */,
				5DB3215E1B74DBCE0032BCBE /* Here You AreTests.xctest */,
			);
			name = Products;
			sourceTree = "<group>";
		};
		5DB321471B74DBCE0032BCBE /* Here You Are */ = {
			isa = PBXGroup;
			children = (
				5DB3214C1B74DBCE0032BCBE /* AppDelegate.h */,
				5DB3214D1B74DBCE0032BCBE /* AppDelegate.m */,
				5DB3214F1B74DBCE0032BCBE /* ViewController.h */,
				5DB321501B74DBCE0032BCBE /* ViewController.m */,
				5DB321521B74DBCE0032BCBE /* Main.storyboard */,
				5DB321551B74DBCE0032BCBE /* Images.xcassets */,
				5DB321571B74DBCE0032BCBE /* LaunchScreen.xib */,
				5DB321481B74DBCE0032BCBE /* Supporting Files */,
			);
			path = "Here You Are";
			sourceTree = "<group>";
		};
		5DB321481B74DBCE0032BCBE /* Supporting Files */ = {
			isa = PBXGroup;
			children = (
				5DB321491B74DBCE0032BCBE /* Info.plist */,
				5DB3214A1B74DBCE0032BCBE /* main.m */,
			);
			name = "Supporting Files";
			sourceTree = "<group>";
		};
		5DB321611B74DBCE0032BCBE /* Here You AreTests */ = {
			isa = PBXGroup;
			children = (
				5DB321641B74DBCE0032BCBE /* Here_You_AreTests.m */,
				5DB321621B74DBCE0032BCBE /* Supporting Files */,
			);
			path = "Here You AreTests";
			sourceTree = "<group>";
		};
		5DB321621B74DBCE0032BCBE /* Supporting Files */ = {
			isa = PBXGroup;
			children = (
				5DB321631B74DBCE0032BCBE /* Info.plist */,
			);
			name = "Supporting Files";
			sourceTree = "<group>";
		};
/* End PBXGroup section */

/* Begin PBXNativeTarget section */
		5DB321441B74DBCE0032BCBE /* Here You Are */ = {
			isa = PBXNativeTarget;
			buildConfigurationList = 5DB321681B74DBCE0032BCBE /* Build configuration list for PBXNativeTarget "Here You Are" */;
			buildPhases = (
				5DB321411B74DBCE0032BCBE /* Sources */,
				5DB321421B74DBCE0032BCBE /* Frameworks */,
				5DB321431B74DBCE0032BCBE /* Resources */,
			);
			buildRules = (
			);
			dependencies = (
			);
			name = "Here You Are";
			productName = "Here You Are";
			productReference = 5DB321451B74DBCE0032BCBE /* Here You Are.app */;
			productType = "com.apple.product-type.application";
		};
		5DB3215D1B74DBCE0032BCBE /* Here You AreTests */ = {
			isa = PBXNativeTarget;
			buildConfigurationList = 5DB3216B1B74DBCE0032BCBE /* Build configuration list for PBXNativeTarget "Here You AreTests" */;
			buildPhases = (
				5DB3215A1B74DBCE0032BCBE /* Sources */,
				5DB3215B1B74DBCE0032BCBE /* Frameworks */,
				5DB3215C1B74DBCE0032BCBE /* Resources */,
			);
			buildRules = (
			);
			dependencies = (
				5DB321601B74DBCE0032BCBE /* PBXTargetDependency */,
			);
			name = "Here You AreTests";
			productName = "Here You AreTests";
			productReference = 5DB3215E1B74DBCE0032BCBE /* Here You AreTests.xctest */;
			productType = "com.apple.product-type.bundle.unit-test";
		};
/* End PBXNativeTarget section */

/* Begin PBXProject section */
		5DB3213D1B74DBCE0032BCBE /* Project object */ = {
			isa = PBXProject;
			attributes = {
				LastUpgradeCheck = 0640;
				ORGANIZATIONNAME = vmvinothkumar;
				TargetAttributes = {
					5DB321441B74DBCE0032BCBE = {
						CreatedOnToolsVersion = 6.4;
					};
					5DB3215D1B74DBCE0032BCBE = {
						CreatedOnToolsVersion = 6.4;
						TestTargetID = 5DB321441B74DBCE0032BCBE;
					};
				};
			};
			buildConfigurationList = 5DB321401B74DBCE0032BCBE /* Build configuration list for PBXProject "Here You Are" */;
			compatibilityVersion = "Xcode 3.2";
			developmentRegion = English;
			hasScannedForEncodings = 0;
			knownRegions = (
				en,
				Base,
			);
			mainGroup = 5DB3213C1B74DBCE0032BCBE;
			productRefGroup = 5DB321461B74DBCE0032BCBE /* Products */;
			projectDirPath = "";
			projectRoot = "";
			targets = (
				5DB321441B74DBCE0032BCBE /* Here You Are */,
				5DB3215D1B74DBCE0032BCBE /* Here You AreTests */,
			);
		};
/* End PBXProject section */

/* Begin PBXResourcesBuildPhase section */
		5DB321431B74DBCE0032BCBE /* Resources */ = {
			isa = PBXResourcesBuildPhase;
			buildActionMask = 2147483647;
			files = (
				5DB321541B74DBCE0032BCBE /* Main.storyboard in Resources */,
				5DB321591B74DBCE0032BCBE /* LaunchScreen.xib in Resources */,
				5DB321561B74DBCE0032BCBE /* Images.xcassets in Resources */,
			);
			runOnlyForDeploymentPostprocessing = 0;
		};
		5DB3215C1B74DBCE0032BCBE /* Resources */ = {
			isa = PBXResourcesBuildPhase;
			buildActionMask = 2147483647;
			files = (
			);
			runOnlyForDeploymentPostprocessing = 0;
		};
/* End PBXResourcesBuildPhase section */

/* Begin PBXSourcesBuildPhase section */
		5DB321411B74DBCE0032BCBE /* Sources */ = {
			isa = PBXSourcesBuildPhase;
			buildActionMask = 2147483647;
			files = (
				5DB321511B74DBCE0032BCBE /* ViewController.m in Sources */,
				5DB3214E1B74DBCE0032BCBE /* AppDelegate.m in Sources */,
				5DB3214B1B74DBCE0032BCBE /* main.m in Sources */,
			);
			runOnlyForDeploymentPostprocessing = 0;
		};
		5DB3215A1B74DBCE0032BCBE /* Sources */ = {
			isa = PBXSourcesBuildPhase;
			buildActionMask = 2147483647;
			files = (
				5DB321651B74DBCE0032BCBE /* Here_You_AreTests.m in Sources */,
			);
			runOnlyForDeploymentPostprocessing = 0;
		};
/* End PBXSourcesBuildPhase section */

/* Begin PBXTargetDependency section */
		5DB321601B74DBCE0032BCBE /* PBXTargetDependency */ = {
			isa = PBXTargetDependency;
			target = 5DB321441B74DBCE0032BCBE /* Here You Are */;
			targetProxy = 5DB3215F1B74DBCE0032BCBE /* PBXContainerItemProxy */;
		};
/* End PBXTargetDependency section */

/* Begin PBXVariantGroup section */
		5DB321521B74DBCE0032BCBE /* Main.storyboard */ = {
			isa = PBXVariantGroup;
			children = (
				5DB321531B74DBCE0032BCBE /* Base */,
			);
			name = Main.storyboard;
			sourceTree = "<group>";
		};
		5DB321571B74DBCE0032BCBE /* LaunchScreen.xib */ = {
			isa = PBXVariantGroup;
			children = (
				5DB321581B74DBCE0032BCBE /* Base */,
			);
			name = LaunchScreen.xib;
			sourceTree = "<group>";
		};
/* End PBXVariantGroup section */

/* Begin XCBuildConfiguration section */
		5DB321661B74DBCE0032BCBE /* Debug */ = {
			isa = XCBuildConfiguration;
			buildSettings = {
				ALWAYS_SEARCH_USER_PATHS = NO;
				CLANG_CXX_LANGUAGE_STANDARD = "gnu++0x";
				CLANG_CXX_LIBRARY = "libc++";
				CLANG_ENABLE_MODULES = YES;
				CLANG_ENABLE_OBJC_ARC = YES;
				CLANG_WARN_BOOL_CONVERSION = YES;
				CLANG_WARN_CONSTANT_CONVERSION = YES;
				CLANG_WARN_DIRECT_OBJC_ISA_USAGE = YES_ERROR;
				CLANG_WARN_EMPTY_BODY = YES;
				CLANG_WARN_ENUM_CONVERSION = YES;
				CLANG_WARN_INT_CONVERSION = YES;
				CLANG_WARN_OBJC_ROOT_CLASS = YES_ERROR;
				CLANG_WARN_UNREACHABLE_CODE = YES;
				CLANG_WARN__DUPLICATE_METHOD_MATCH = YES;
				"CODE_SIGN_IDENTITY[sdk=iphoneos*]" = "iPhone Developer";
				COPY_PHASE_STRIP = NO;
				DEBUG_INFORMATION_FORMAT = "dwarf-with-dsym";
				ENABLE_STRICT_OBJC_MSGSEND = YES;
				GCC_C_LANGUAGE_STANDARD = gnu99;
				GCC_DYNAMIC_NO_PIC = NO;
				GCC_NO_COMMON_BLOCKS = YES;
				GCC_OPTIMIZATION_LEVEL = 0;
				GCC_PREPROCESSOR_DEFINITIONS = (
					"DEBUG=1",
					"$(inherited)",
				);
				GCC_SYMBOLS_PRIVATE_EXTERN = NO;
				GCC_WARN_64_TO_32_BIT_CONVERSION = YES;
				GCC_WARN_ABOUT_RETURN_TYPE = YES_ERROR;
				GCC_WARN_UNDECLARED_SELECTOR = YES;
				GCC_WARN_UNINITIALIZED_AUTOS = YES_AGGRESSIVE;
				GCC_WARN_UNUSED_FUNCTION = YES;
				GCC_WARN_UNUSED_VARIABLE = YES;
				IPHONEOS_DEPLOYMENT_TARGET = 8.4;
				MTL_ENABLE_DEBUG_INFO = YES;
				ONLY_ACTIVE_ARCH = YES;
				SDKROOT = iphoneos;
				TARGETED_DEVICE_FAMILY = "1,2";
			};
			name = Debug;
		};
		5DB321671B74DBCE0032BCBE /* Release */ = {
			isa = XCBuildConfiguration;
			buildSettings = {
				ALWAYS_SEARCH_USER_PATHS = NO;
				CLANG_CXX_LANGUAGE_STANDARD = "gnu++0x";
				CLANG_CXX_LIBRARY = "libc++";
				CLANG_ENABLE_MODULES = YES;
				CLANG_ENABLE_OBJC_ARC = YES;
				CLANG_WARN_BOOL_CONVERSION = YES;
				CLANG_WARN_CONSTANT_CONVERSION = YES;
				CLANG_WARN_DIRECT_OBJC_ISA_USAGE = YES_ERROR;
				CLANG_WARN_EMPTY_BODY = YES;
				CLANG_WARN_ENUM_CONVERSION = YES;
				CLANG_WARN_INT_CONVERSION = YES;
				CLANG_WARN_OBJC_ROOT_CLASS = YES_ERROR;
				CLANG_WARN_UNREACHABLE_CODE = YES;
				CLANG_WARN__DUPLICATE_METHOD_MATCH = YES;
				"CODE_SIGN_IDENTITY[sdk=iphoneos*]" = "iPhone Developer";
				COPY_PHASE_STRIP = NO;
				DEBUG_INFORMATION_FORMAT = "dwarf-with-dsym";
				ENABLE_NS_ASSERTIONS = NO;
				ENABLE_STRICT_OBJC_MSGSEND = YES;
				GCC_C_LANGUAGE_STANDARD = gnu99;
				GCC_NO_COMMON_BLOCKS = YES;
				GCC_WARN_64_TO_32_BIT_CONVERSION = YES;
				GCC_WARN_ABOUT_RETURN_TYPE = YES_ERROR;
				GCC_WARN_UNDECLARED_SELECTOR = YES;
				GCC_WARN_UNINITIALIZED_AUTOS = YES_AGGRESSIVE;
				GCC_WARN_UNUSED_FUNCTION = YES;
				GCC_WARN_UNUSED_VARIABLE = YES;
				IPHONEOS_DEPLOYMENT_TARGET = 8.4;
				MTL_ENABLE_DEBUG_INFO = NO;
				SDKROOT = iphoneos;
				TARGETED_DEVICE_FAMILY = "1,2";
				VALIDATE_PRODUCT = YES;
			};
			name = Release;
		};
		5DB321691B74DBCE0032BCBE /* Debug */ = {
			isa = XCBuildConfiguration;
			buildSettings = {
				ASSETCATALOG_COMPILER_APPICON_NAME = AppIcon;
				INFOPLIST_FILE = "Here You Are/Info.plist";
				LD_RUNPATH_SEARCH_PATHS = "$(inherited) @executable_path/Frameworks";
				PRODUCT_NAME = "$(TARGET_NAME)";
			};
			name = Debug;
		};
		5DB3216A1B74DBCE0032BCBE /* Release */ = {
			isa = XCBuildConfiguration;
			buildSettings = {
				ASSETCATALOG_COMPILER_APPICON_NAME = AppIcon;
				INFOPLIST_FILE = "Here You Are/Info.plist";
				LD_RUNPATH_SEARCH_PATHS = "$(inherited) @executable_path/Frameworks";
				PRODUCT_NAME = "$(TARGET_NAME)";
			};
			name = Release;
		};
		5DB3216C1B74DBCE0032BCBE /* Debug */ = {
			isa = XCBuildConfiguration;
			buildSettings = {
				BUNDLE_LOADER = "$(TEST_HOST)";
				FRAMEWORK_SEARCH_PATHS = (
					"$(SDKROOT)/Developer/Library/Frameworks",
					"$(inherited)",
				);
				GCC_PREPROCESSOR_DEFINITIONS = (
					"DEBUG=1",
					"$(inherited)",
				);
				INFOPLIST_FILE = "Here You AreTests/Info.plist";
				LD_RUNPATH_SEARCH_PATHS = "$(inherited) @executable_path/Frameworks @loader_path/Frameworks";
				PRODUCT_NAME = "$(TARGET_NAME)";
				TEST_HOST = "$(BUILT_PRODUCTS_DIR)/Here You Are.app/Here You Are";
			};
			name = Debug;
		};
		5DB3216D1B74DBCE0032BCBE /* Release */ = {
			isa = XCBuildConfiguration;
			buildSettings = {
				BUNDLE_LOADER = "$(TEST_HOST)";
				FRAMEWORK_SEARCH_PATHS = (
					"$(SDKROOT)/Developer/Library/Frameworks",
					"$(inherited)",
				);
				INFOPLIST_FILE = "Here You AreTests/Info.plist";
				LD_RUNPATH_SEARCH_PATHS = "$(inherited) @executable_path/Frameworks @loader_path/Frameworks";
				PRODUCT_NAME = "$(TARGET_NAME)";
				TEST_HOST = "$(BUILT_PRODUCTS_DIR)/Here You Are.app/Here You Are";
			};
			name = Release;
		};
/* End XCBuildConfiguration section */

/* Begin XCConfigurationList section */
		5DB321401B74DBCE0032BCBE /* Build configuration list for PBXProject "Here You Are" */ = {
			isa = XCConfigurationList;
			buildConfigurations = (
				5DB321661B74DBCE0032BCBE /* Debug */,
				5DB321671B74DBCE0032BCBE /* Release */,
			);
			defaultConfigurationIsVisible = 0;
			defaultConfigurationName = Release;
		};
		5DB321681B74DBCE0032BCBE /* Build configuration list for PBXNativeTarget "Here You Are" */ = {
			isa = XCConfigurationList;
			buildConfigurations = (
				5DB321691B74DBCE0032BCBE /* Debug */,
				5DB3216A1B74DBCE0032BCBE /* Release */,
			);
			defaultConfigurationIsVisible = 0;
		};
		5DB3216B1B74DBCE0032BCBE /* Build configuration list for PBXNativeTarget "Here You AreTests" */ = {
			isa = XCConfigurationList;
			buildConfigurations = (
				5DB3216C1B74DBCE0032BCBE /* Debug */,
				5DB3216D1B74DBCE0032BCBE /* Release */,
			);
			defaultConfigurationIsVisible = 0;
		};
/* End XCConfigurationList section */
	};
	rootObject = 5DB3213D1B74DBCE0032BCBE /* Project object */;
}
